// !$*UTF8*$!
{
	archiveVersion = 1;
	classes = {
	};
	objectVersion = 50;
	objects = {

/* Begin PBXBuildFile section */
		6313FB7B2354E36E00BC2FE5 /* GoodGame.xcdatamodeld in Sources */ = {isa = PBXBuildFile; fileRef = 6313FB792354E36E00BC2FE5 /* GoodGame.xcdatamodeld */; };
		6313FB7D2354E6E700BC2FE5 /* SavedGame+Convenience.swift in Sources */ = {isa = PBXBuildFile; fileRef = 6313FB7C2354E6E700BC2FE5 /* SavedGame+Convenience.swift */; };
		6313FB7F2354E6FC00BC2FE5 /* GamePlatform+convenience.swift in Sources */ = {isa = PBXBuildFile; fileRef = 6313FB7E2354E6FC00BC2FE5 /* GamePlatform+convenience.swift */; };
		6313FB812354E70F00BC2FE5 /* GameGenre+convenience.swift in Sources */ = {isa = PBXBuildFile; fileRef = 6313FB802354E70F00BC2FE5 /* GameGenre+convenience.swift */; };
		6313FB832354E72200BC2FE5 /* PlayMode+convenience.swift in Sources */ = {isa = PBXBuildFile; fileRef = 6313FB822354E72200BC2FE5 /* PlayMode+convenience.swift */; };
		6313FB852354E9AF00BC2FE5 /* CoreDataStack.swift in Sources */ = {isa = PBXBuildFile; fileRef = 6313FB842354E9AF00BC2FE5 /* CoreDataStack.swift */; };
		6313FB872354ED7000BC2FE5 /* SavedGameController.swift in Sources */ = {isa = PBXBuildFile; fileRef = 6313FB862354ED7000BC2FE5 /* SavedGameController.swift */; };
		6313FB892354EDC000BC2FE5 /* GamePlatformController.swift in Sources */ = {isa = PBXBuildFile; fileRef = 6313FB882354EDC000BC2FE5 /* GamePlatformController.swift */; };
		6313FB8B2354EDD400BC2FE5 /* GameGenreController.swift in Sources */ = {isa = PBXBuildFile; fileRef = 6313FB8A2354EDD400BC2FE5 /* GameGenreController.swift */; };
		6313FB8D2354EDE100BC2FE5 /* PlayModeController.swift in Sources */ = {isa = PBXBuildFile; fileRef = 6313FB8C2354EDE100BC2FE5 /* PlayModeController.swift */; };
		6313FB8F23552C2800BC2FE5 /* GameLibraryCollectionViewController.swift in Sources */ = {isa = PBXBuildFile; fileRef = 6313FB8E23552C2800BC2FE5 /* GameLibraryCollectionViewController.swift */; };
		6313FB9423552CFB00BC2FE5 /* SavedGameCollectionViewCell.swift in Sources */ = {isa = PBXBuildFile; fileRef = 6313FB9223552CFB00BC2FE5 /* SavedGameCollectionViewCell.swift */; };
		6313FB9523552CFB00BC2FE5 /* SavedGameCollectionViewCell.xib in Resources */ = {isa = PBXBuildFile; fileRef = 6313FB9323552CFB00BC2FE5 /* SavedGameCollectionViewCell.xib */; };
		633175572363781C00AD81AA /* SlideInPresentationManager.swift in Sources */ = {isa = PBXBuildFile; fileRef = 633175562363781C00AD81AA /* SlideInPresentationManager.swift */; };
		6331755923637DB400AD81AA /* SlideInPresentationController.swift in Sources */ = {isa = PBXBuildFile; fileRef = 6331755823637DB400AD81AA /* SlideInPresentationController.swift */; };
		6331755B23638A0B00AD81AA /* UIColor.swift in Sources */ = {isa = PBXBuildFile; fileRef = 6331755A23638A0B00AD81AA /* UIColor.swift */; };
		6331755D2363967A00AD81AA /* PlaythroughHistory+convenience.swift in Sources */ = {isa = PBXBuildFile; fileRef = 6331755C2363967A00AD81AA /* PlaythroughHistory+convenience.swift */; };
		6331755F2363977300AD81AA /* PlaythroughController.swift in Sources */ = {isa = PBXBuildFile; fileRef = 6331755E2363977300AD81AA /* PlaythroughController.swift */; };
		63341A4F23590D08006FD1D3 /* GameDetailViewController.swift in Sources */ = {isa = PBXBuildFile; fileRef = 63341A4E23590D08006FD1D3 /* GameDetailViewController.swift */; };
		63341A52235CE1BD006FD1D3 /* ReccomendsViewController.swift in Sources */ = {isa = PBXBuildFile; fileRef = 63341A51235CE1BD006FD1D3 /* ReccomendsViewController.swift */; };
		63341A54235CE29F006FD1D3 /* ReccomendsDetailViewController.swift in Sources */ = {isa = PBXBuildFile; fileRef = 63341A53235CE29F006FD1D3 /* ReccomendsDetailViewController.swift */; };
		63341A56235CE351006FD1D3 /* ReccomendsFilterViewController.swift in Sources */ = {isa = PBXBuildFile; fileRef = 63341A55235CE351006FD1D3 /* ReccomendsFilterViewController.swift */; };
		63341A58235CE3F7006FD1D3 /* PlayStatusViewController.swift in Sources */ = {isa = PBXBuildFile; fileRef = 63341A57235CE3F7006FD1D3 /* PlayStatusViewController.swift */; };
		63341A5D235CF2A8006FD1D3 /* SquareImageCollectionViewCell.swift in Sources */ = {isa = PBXBuildFile; fileRef = 63341A5B235CF2A8006FD1D3 /* SquareImageCollectionViewCell.swift */; };
		63341A5E235CF2A8006FD1D3 /* SquareImageCollectionViewCell.xib in Resources */ = {isa = PBXBuildFile; fileRef = 63341A5C235CF2A8006FD1D3 /* SquareImageCollectionViewCell.xib */; };
		636ABDE3235E30EF00312BE0 /* Array.swift in Sources */ = {isa = PBXBuildFile; fileRef = 636ABDE2235E30EF00312BE0 /* Array.swift */; };
		636ABDE523601B0F00312BE0 /* ViewHelper.swift in Sources */ = {isa = PBXBuildFile; fileRef = 636ABDE423601B0F00312BE0 /* ViewHelper.swift */; };
		6375CC26236CF45C0040F736 /* LongTextTableViewCell.swift in Sources */ = {isa = PBXBuildFile; fileRef = 6375CC24236CF45C0040F736 /* LongTextTableViewCell.swift */; };
		6375CC27236CF45C0040F736 /* LongTextTableViewCell.xib in Resources */ = {isa = PBXBuildFile; fileRef = 6375CC25236CF45C0040F736 /* LongTextTableViewCell.xib */; };
		6375CC29236CF80D0040F736 /* Date.swift in Sources */ = {isa = PBXBuildFile; fileRef = 6375CC28236CF80D0040F736 /* Date.swift */; };
		6375CC31236F79120040F736 /* SectionHeader.swift in Sources */ = {isa = PBXBuildFile; fileRef = 6375CC2F236F79120040F736 /* SectionHeader.swift */; };
		6375CC32236F79120040F736 /* SectionHeader.xib in Resources */ = {isa = PBXBuildFile; fileRef = 6375CC30236F79120040F736 /* SectionHeader.xib */; };
		637D44392363FD8300899455 /* CheckableTableViewCell.swift in Sources */ = {isa = PBXBuildFile; fileRef = 637D44372363FD8300899455 /* CheckableTableViewCell.swift */; };
		637D443A2363FD8300899455 /* CheckableTableViewCell.xib in Resources */ = {isa = PBXBuildFile; fileRef = 637D44382363FD8300899455 /* CheckableTableViewCell.xib */; };
		637D443C236646BC00899455 /* PlaythroughHistoryListTableViewController.swift in Sources */ = {isa = PBXBuildFile; fileRef = 637D443B236646BC00899455 /* PlaythroughHistoryListTableViewController.swift */; };
		63B27C14233A853F006D5B03 /* AppDelegate.swift in Sources */ = {isa = PBXBuildFile; fileRef = 63B27C13233A853F006D5B03 /* AppDelegate.swift */; };
		63B27C16233A853F006D5B03 /* SceneDelegate.swift in Sources */ = {isa = PBXBuildFile; fileRef = 63B27C15233A853F006D5B03 /* SceneDelegate.swift */; };
		63B27C18233A853F006D5B03 /* GameSearchViewController.swift in Sources */ = {isa = PBXBuildFile; fileRef = 63B27C17233A853F006D5B03 /* GameSearchViewController.swift */; };
		63B27C1B233A853F006D5B03 /* Main.storyboard in Resources */ = {isa = PBXBuildFile; fileRef = 63B27C19233A853F006D5B03 /* Main.storyboard */; };
		63B27C1D233A8543006D5B03 /* Assets.xcassets in Resources */ = {isa = PBXBuildFile; fileRef = 63B27C1C233A8543006D5B03 /* Assets.xcassets */; };
		63B27C20233A8543006D5B03 /* LaunchScreen.storyboard in Resources */ = {isa = PBXBuildFile; fileRef = 63B27C1E233A8543006D5B03 /* LaunchScreen.storyboard */; };
		63B27C2E233A8B4E006D5B03 /* NetworkController.swift in Sources */ = {isa = PBXBuildFile; fileRef = 63B27C2D233A8B4E006D5B03 /* NetworkController.swift */; };
		63B27C30233A9728006D5B03 /* Keys.swift in Sources */ = {isa = PBXBuildFile; fileRef = 63B27C2F233A9728006D5B03 /* Keys.swift */; };
		63B27C32233A97A5006D5B03 /* Game.swift in Sources */ = {isa = PBXBuildFile; fileRef = 63B27C31233A97A5006D5B03 /* Game.swift */; };
		63B27C34233B3710006D5B03 /* GameController.swift in Sources */ = {isa = PBXBuildFile; fileRef = 63B27C33233B3710006D5B03 /* GameController.swift */; };
		63C0D9352342C303006DD2FA /* WSTagsFieldHelper.swift in Sources */ = {isa = PBXBuildFile; fileRef = 63C0D9342342C303006DD2FA /* WSTagsFieldHelper.swift */; };
		9FE7639313DE1C045D25AA10 /* Pods_GoodGame.framework in Frameworks */ = {isa = PBXBuildFile; fileRef = DA1F701D79B34A624057CE0F /* Pods_GoodGame.framework */; };
/* End PBXBuildFile section */

/* Begin PBXFileReference section */
		55FC50D3EB961DD77F1523F8 /* Pods-GoodGame.debug.xcconfig */ = {isa = PBXFileReference; includeInIndex = 1; lastKnownFileType = text.xcconfig; name = "Pods-GoodGame.debug.xcconfig"; path = "Pods/Target Support Files/Pods-GoodGame/Pods-GoodGame.debug.xcconfig"; sourceTree = "<group>"; };
		6313FB7A2354E36E00BC2FE5 /* GoodGame.xcdatamodel */ = {isa = PBXFileReference; lastKnownFileType = wrapper.xcdatamodel; path = GoodGame.xcdatamodel; sourceTree = "<group>"; };
		6313FB7C2354E6E700BC2FE5 /* SavedGame+Convenience.swift */ = {isa = PBXFileReference; lastKnownFileType = sourcecode.swift; path = "SavedGame+Convenience.swift"; sourceTree = "<group>"; };
		6313FB7E2354E6FC00BC2FE5 /* GamePlatform+convenience.swift */ = {isa = PBXFileReference; lastKnownFileType = sourcecode.swift; path = "GamePlatform+convenience.swift"; sourceTree = "<group>"; };
		6313FB802354E70F00BC2FE5 /* GameGenre+convenience.swift */ = {isa = PBXFileReference; lastKnownFileType = sourcecode.swift; path = "GameGenre+convenience.swift"; sourceTree = "<group>"; };
		6313FB822354E72200BC2FE5 /* PlayMode+convenience.swift */ = {isa = PBXFileReference; lastKnownFileType = sourcecode.swift; path = "PlayMode+convenience.swift"; sourceTree = "<group>"; };
		6313FB842354E9AF00BC2FE5 /* CoreDataStack.swift */ = {isa = PBXFileReference; lastKnownFileType = sourcecode.swift; path = CoreDataStack.swift; sourceTree = "<group>"; };
		6313FB862354ED7000BC2FE5 /* SavedGameController.swift */ = {isa = PBXFileReference; lastKnownFileType = sourcecode.swift; path = SavedGameController.swift; sourceTree = "<group>"; };
		6313FB882354EDC000BC2FE5 /* GamePlatformController.swift */ = {isa = PBXFileReference; lastKnownFileType = sourcecode.swift; path = GamePlatformController.swift; sourceTree = "<group>"; };
		6313FB8A2354EDD400BC2FE5 /* GameGenreController.swift */ = {isa = PBXFileReference; lastKnownFileType = sourcecode.swift; path = GameGenreController.swift; sourceTree = "<group>"; };
		6313FB8C2354EDE100BC2FE5 /* PlayModeController.swift */ = {isa = PBXFileReference; lastKnownFileType = sourcecode.swift; path = PlayModeController.swift; sourceTree = "<group>"; };
		6313FB8E23552C2800BC2FE5 /* GameLibraryCollectionViewController.swift */ = {isa = PBXFileReference; lastKnownFileType = sourcecode.swift; path = GameLibraryCollectionViewController.swift; sourceTree = "<group>"; };
		6313FB9223552CFB00BC2FE5 /* SavedGameCollectionViewCell.swift */ = {isa = PBXFileReference; lastKnownFileType = sourcecode.swift; path = SavedGameCollectionViewCell.swift; sourceTree = "<group>"; };
		6313FB9323552CFB00BC2FE5 /* SavedGameCollectionViewCell.xib */ = {isa = PBXFileReference; lastKnownFileType = file.xib; path = SavedGameCollectionViewCell.xib; sourceTree = "<group>"; };
		633175562363781C00AD81AA /* SlideInPresentationManager.swift */ = {isa = PBXFileReference; lastKnownFileType = sourcecode.swift; path = SlideInPresentationManager.swift; sourceTree = "<group>"; };
		6331755823637DB400AD81AA /* SlideInPresentationController.swift */ = {isa = PBXFileReference; lastKnownFileType = sourcecode.swift; path = SlideInPresentationController.swift; sourceTree = "<group>"; };
		6331755A23638A0B00AD81AA /* UIColor.swift */ = {isa = PBXFileReference; lastKnownFileType = sourcecode.swift; path = UIColor.swift; sourceTree = "<group>"; };
		6331755C2363967A00AD81AA /* PlaythroughHistory+convenience.swift */ = {isa = PBXFileReference; lastKnownFileType = sourcecode.swift; path = "PlaythroughHistory+convenience.swift"; sourceTree = "<group>"; };
		6331755E2363977300AD81AA /* PlaythroughController.swift */ = {isa = PBXFileReference; lastKnownFileType = sourcecode.swift; path = PlaythroughController.swift; sourceTree = "<group>"; };
		63341A4E23590D08006FD1D3 /* GameDetailViewController.swift */ = {isa = PBXFileReference; lastKnownFileType = sourcecode.swift; path = GameDetailViewController.swift; sourceTree = "<group>"; };
		63341A51235CE1BD006FD1D3 /* ReccomendsViewController.swift */ = {isa = PBXFileReference; lastKnownFileType = sourcecode.swift; path = ReccomendsViewController.swift; sourceTree = "<group>"; };
		63341A53235CE29F006FD1D3 /* ReccomendsDetailViewController.swift */ = {isa = PBXFileReference; lastKnownFileType = sourcecode.swift; path = ReccomendsDetailViewController.swift; sourceTree = "<group>"; };
		63341A55235CE351006FD1D3 /* ReccomendsFilterViewController.swift */ = {isa = PBXFileReference; lastKnownFileType = sourcecode.swift; path = ReccomendsFilterViewController.swift; sourceTree = "<group>"; };
		63341A57235CE3F7006FD1D3 /* PlayStatusViewController.swift */ = {isa = PBXFileReference; lastKnownFileType = sourcecode.swift; path = PlayStatusViewController.swift; sourceTree = "<group>"; };
		63341A5B235CF2A8006FD1D3 /* SquareImageCollectionViewCell.swift */ = {isa = PBXFileReference; lastKnownFileType = sourcecode.swift; path = SquareImageCollectionViewCell.swift; sourceTree = "<group>"; };
		63341A5C235CF2A8006FD1D3 /* SquareImageCollectionViewCell.xib */ = {isa = PBXFileReference; lastKnownFileType = file.xib; path = SquareImageCollectionViewCell.xib; sourceTree = "<group>"; };
		636ABDE2235E30EF00312BE0 /* Array.swift */ = {isa = PBXFileReference; lastKnownFileType = sourcecode.swift; path = Array.swift; sourceTree = "<group>"; };
		636ABDE423601B0F00312BE0 /* ViewHelper.swift */ = {isa = PBXFileReference; lastKnownFileType = sourcecode.swift; path = ViewHelper.swift; sourceTree = "<group>"; };
		6375CC24236CF45C0040F736 /* LongTextTableViewCell.swift */ = {isa = PBXFileReference; lastKnownFileType = sourcecode.swift; path = LongTextTableViewCell.swift; sourceTree = "<group>"; };
		6375CC25236CF45C0040F736 /* LongTextTableViewCell.xib */ = {isa = PBXFileReference; lastKnownFileType = file.xib; path = LongTextTableViewCell.xib; sourceTree = "<group>"; };
		6375CC28236CF80D0040F736 /* Date.swift */ = {isa = PBXFileReference; lastKnownFileType = sourcecode.swift; path = Date.swift; sourceTree = "<group>"; };
		6375CC2F236F79120040F736 /* SectionHeader.swift */ = {isa = PBXFileReference; lastKnownFileType = sourcecode.swift; path = SectionHeader.swift; sourceTree = "<group>"; };
		6375CC30236F79120040F736 /* SectionHeader.xib */ = {isa = PBXFileReference; lastKnownFileType = file.xib; path = SectionHeader.xib; sourceTree = "<group>"; };
		637D44372363FD8300899455 /* CheckableTableViewCell.swift */ = {isa = PBXFileReference; lastKnownFileType = sourcecode.swift; path = CheckableTableViewCell.swift; sourceTree = "<group>"; };
		637D44382363FD8300899455 /* CheckableTableViewCell.xib */ = {isa = PBXFileReference; lastKnownFileType = file.xib; path = CheckableTableViewCell.xib; sourceTree = "<group>"; };
		637D443B236646BC00899455 /* PlaythroughHistoryListTableViewController.swift */ = {isa = PBXFileReference; lastKnownFileType = sourcecode.swift; path = PlaythroughHistoryListTableViewController.swift; sourceTree = "<group>"; };
		63B27C10233A853F006D5B03 /* GoodGame.app */ = {isa = PBXFileReference; explicitFileType = wrapper.application; includeInIndex = 0; path = GoodGame.app; sourceTree = BUILT_PRODUCTS_DIR; };
		63B27C13233A853F006D5B03 /* AppDelegate.swift */ = {isa = PBXFileReference; lastKnownFileType = sourcecode.swift; path = AppDelegate.swift; sourceTree = "<group>"; };
		63B27C15233A853F006D5B03 /* SceneDelegate.swift */ = {isa = PBXFileReference; lastKnownFileType = sourcecode.swift; path = SceneDelegate.swift; sourceTree = "<group>"; };
		63B27C17233A853F006D5B03 /* GameSearchViewController.swift */ = {isa = PBXFileReference; lastKnownFileType = sourcecode.swift; path = GameSearchViewController.swift; sourceTree = "<group>"; };
		63B27C1A233A853F006D5B03 /* Base */ = {isa = PBXFileReference; lastKnownFileType = file.storyboard; name = Base; path = Base.lproj/Main.storyboard; sourceTree = "<group>"; };
		63B27C1C233A8543006D5B03 /* Assets.xcassets */ = {isa = PBXFileReference; lastKnownFileType = folder.assetcatalog; path = Assets.xcassets; sourceTree = "<group>"; };
		63B27C1F233A8543006D5B03 /* Base */ = {isa = PBXFileReference; lastKnownFileType = file.storyboard; name = Base; path = Base.lproj/LaunchScreen.storyboard; sourceTree = "<group>"; };
		63B27C21233A8543006D5B03 /* Info.plist */ = {isa = PBXFileReference; lastKnownFileType = text.plist.xml; path = Info.plist; sourceTree = "<group>"; };
		63B27C2D233A8B4E006D5B03 /* NetworkController.swift */ = {isa = PBXFileReference; lastKnownFileType = sourcecode.swift; path = NetworkController.swift; sourceTree = "<group>"; };
		63B27C2F233A9728006D5B03 /* Keys.swift */ = {isa = PBXFileReference; lastKnownFileType = sourcecode.swift; path = Keys.swift; sourceTree = "<group>"; };
		63B27C31233A97A5006D5B03 /* Game.swift */ = {isa = PBXFileReference; lastKnownFileType = sourcecode.swift; path = Game.swift; sourceTree = "<group>"; };
		63B27C33233B3710006D5B03 /* GameController.swift */ = {isa = PBXFileReference; lastKnownFileType = sourcecode.swift; path = GameController.swift; sourceTree = "<group>"; };
		63C0D9342342C303006DD2FA /* WSTagsFieldHelper.swift */ = {isa = PBXFileReference; lastKnownFileType = sourcecode.swift; path = WSTagsFieldHelper.swift; sourceTree = "<group>"; };
		DA1F701D79B34A624057CE0F /* Pods_GoodGame.framework */ = {isa = PBXFileReference; explicitFileType = wrapper.framework; includeInIndex = 0; path = Pods_GoodGame.framework; sourceTree = BUILT_PRODUCTS_DIR; };
		DE8E9DE83B7ED993918AC9A3 /* Pods-GoodGame.release.xcconfig */ = {isa = PBXFileReference; includeInIndex = 1; lastKnownFileType = text.xcconfig; name = "Pods-GoodGame.release.xcconfig"; path = "Pods/Target Support Files/Pods-GoodGame/Pods-GoodGame.release.xcconfig"; sourceTree = "<group>"; };
/* End PBXFileReference section */

/* Begin PBXFrameworksBuildPhase section */
		63B27C0D233A853F006D5B03 /* Frameworks */ = {
			isa = PBXFrameworksBuildPhase;
			buildActionMask = 2147483647;
			files = (
				9FE7639313DE1C045D25AA10 /* Pods_GoodGame.framework in Frameworks */,
			);
			runOnlyForDeploymentPostprocessing = 0;
		};
/* End PBXFrameworksBuildPhase section */

/* Begin PBXGroup section */
		63B27C07233A853F006D5B03 = {
			isa = PBXGroup;
			children = (
				63B27C12233A853F006D5B03 /* GoodGame */,
				63B27C11233A853F006D5B03 /* Products */,
				CBE4FEFAFF546E9262449877 /* Pods */,
				A125E98F2FB682ED2FD808D3 /* Frameworks */,
			);
			sourceTree = "<group>";
		};
		63B27C11233A853F006D5B03 /* Products */ = {
			isa = PBXGroup;
			children = (
				63B27C10233A853F006D5B03 /* GoodGame.app */,
			);
			name = Products;
			sourceTree = "<group>";
		};
		63B27C12233A853F006D5B03 /* GoodGame */ = {
			isa = PBXGroup;
			children = (
				63B27C13233A853F006D5B03 /* AppDelegate.swift */,
				63B27C15233A853F006D5B03 /* SceneDelegate.swift */,
				63B27C2C233A898C006D5B03 /* Resources */,
				63B27C2B233A88FE006D5B03 /* Helper Files */,
				63B27C2A233A88EF006D5B03 /* View Controllers */,
				63B27C29233A88E7006D5B03 /* Views */,
				63B27C28233A88D7006D5B03 /* Model Controllers */,
				63B27C27233A88CC006D5B03 /* Models */,
				63B27C21233A8543006D5B03 /* Info.plist */,
			);
			path = GoodGame;
			sourceTree = "<group>";
		};
		63B27C27233A88CC006D5B03 /* Models */ = {
			isa = PBXGroup;
			children = (
				6313FB792354E36E00BC2FE5 /* GoodGame.xcdatamodeld */,
				63B27C31233A97A5006D5B03 /* Game.swift */,
				6313FB7C2354E6E700BC2FE5 /* SavedGame+Convenience.swift */,
				6313FB7E2354E6FC00BC2FE5 /* GamePlatform+convenience.swift */,
				6313FB802354E70F00BC2FE5 /* GameGenre+convenience.swift */,
				6313FB822354E72200BC2FE5 /* PlayMode+convenience.swift */,
				6313FB842354E9AF00BC2FE5 /* CoreDataStack.swift */,
				6331755C2363967A00AD81AA /* PlaythroughHistory+convenience.swift */,
			);
			path = Models;
			sourceTree = "<group>";
		};
		63B27C28233A88D7006D5B03 /* Model Controllers */ = {
			isa = PBXGroup;
			children = (
				63B27C2D233A8B4E006D5B03 /* NetworkController.swift */,
				63B27C33233B3710006D5B03 /* GameController.swift */,
				6313FB862354ED7000BC2FE5 /* SavedGameController.swift */,
				6313FB882354EDC000BC2FE5 /* GamePlatformController.swift */,
				6313FB8A2354EDD400BC2FE5 /* GameGenreController.swift */,
				6313FB8C2354EDE100BC2FE5 /* PlayModeController.swift */,
				6331755E2363977300AD81AA /* PlaythroughController.swift */,
			);
			path = "Model Controllers";
			sourceTree = "<group>";
		};
		63B27C29233A88E7006D5B03 /* Views */ = {
			isa = PBXGroup;
			children = (
				63B27C19233A853F006D5B03 /* Main.storyboard */,
				63B27C1E233A8543006D5B03 /* LaunchScreen.storyboard */,
				63341A5B235CF2A8006FD1D3 /* SquareImageCollectionViewCell.swift */,
				63341A5C235CF2A8006FD1D3 /* SquareImageCollectionViewCell.xib */,
				6313FB9223552CFB00BC2FE5 /* SavedGameCollectionViewCell.swift */,
				6313FB9323552CFB00BC2FE5 /* SavedGameCollectionViewCell.xib */,
				637D44372363FD8300899455 /* CheckableTableViewCell.swift */,
				637D44382363FD8300899455 /* CheckableTableViewCell.xib */,
				6375CC24236CF45C0040F736 /* LongTextTableViewCell.swift */,
				6375CC25236CF45C0040F736 /* LongTextTableViewCell.xib */,
				6375CC2F236F79120040F736 /* SectionHeader.swift */,
				6375CC30236F79120040F736 /* SectionHeader.xib */,
			);
			path = Views;
			sourceTree = "<group>";
		};
		63B27C2A233A88EF006D5B03 /* View Controllers */ = {
			isa = PBXGroup;
			children = (
				63B27C17233A853F006D5B03 /* GameSearchViewController.swift */,
				6313FB8E23552C2800BC2FE5 /* GameLibraryCollectionViewController.swift */,
				63341A4E23590D08006FD1D3 /* GameDetailViewController.swift */,
				63341A51235CE1BD006FD1D3 /* ReccomendsViewController.swift */,
				63341A53235CE29F006FD1D3 /* ReccomendsDetailViewController.swift */,
				63341A55235CE351006FD1D3 /* ReccomendsFilterViewController.swift */,
				63341A57235CE3F7006FD1D3 /* PlayStatusViewController.swift */,
				637D443B236646BC00899455 /* PlaythroughHistoryListTableViewController.swift */,
			);
			path = "View Controllers";
			sourceTree = "<group>";
		};
		63B27C2B233A88FE006D5B03 /* Helper Files */ = {
			isa = PBXGroup;
			children = (
				63B27C2F233A9728006D5B03 /* Keys.swift */,
				63C0D9342342C303006DD2FA /* WSTagsFieldHelper.swift */,
				636ABDE2235E30EF00312BE0 /* Array.swift */,
				636ABDE423601B0F00312BE0 /* ViewHelper.swift */,
				633175562363781C00AD81AA /* SlideInPresentationManager.swift */,
				6331755823637DB400AD81AA /* SlideInPresentationController.swift */,
				6331755A23638A0B00AD81AA /* UIColor.swift */,
				6375CC28236CF80D0040F736 /* Date.swift */,
			);
			path = "Helper Files";
			sourceTree = "<group>";
		};
		63B27C2C233A898C006D5B03 /* Resources */ = {
			isa = PBXGroup;
			children = (
				63B27C1C233A8543006D5B03 /* Assets.xcassets */,
			);
			path = Resources;
			sourceTree = "<group>";
		};
		A125E98F2FB682ED2FD808D3 /* Frameworks */ = {
			isa = PBXGroup;
			children = (
				DA1F701D79B34A624057CE0F /* Pods_GoodGame.framework */,
			);
			name = Frameworks;
			sourceTree = "<group>";
		};
		CBE4FEFAFF546E9262449877 /* Pods */ = {
			isa = PBXGroup;
			children = (
				55FC50D3EB961DD77F1523F8 /* Pods-GoodGame.debug.xcconfig */,
				DE8E9DE83B7ED993918AC9A3 /* Pods-GoodGame.release.xcconfig */,
			);
			name = Pods;
			sourceTree = "<group>";
		};
/* End PBXGroup section */

/* Begin PBXNativeTarget section */
		63B27C0F233A853F006D5B03 /* GoodGame */ = {
			isa = PBXNativeTarget;
			buildConfigurationList = 63B27C24233A8543006D5B03 /* Build configuration list for PBXNativeTarget "GoodGame" */;
			buildPhases = (
				334381B77F99472908953009 /* [CP] Check Pods Manifest.lock */,
				63B27C0C233A853F006D5B03 /* Sources */,
				63B27C0D233A853F006D5B03 /* Frameworks */,
				63B27C0E233A853F006D5B03 /* Resources */,
				7094378CBB6A487FB84F1081 /* [CP] Embed Pods Frameworks */,
			);
			buildRules = (
			);
			dependencies = (
			);
			name = GoodGame;
			productName = GoodGame;
			productReference = 63B27C10233A853F006D5B03 /* GoodGame.app */;
			productType = "com.apple.product-type.application";
		};
/* End PBXNativeTarget section */

/* Begin PBXProject section */
		63B27C08233A853F006D5B03 /* Project object */ = {
			isa = PBXProject;
			attributes = {
				LastSwiftUpdateCheck = 1100;
				LastUpgradeCheck = 1100;
				ORGANIZATIONNAME = "David Sadler";
				TargetAttributes = {
					63B27C0F233A853F006D5B03 = {
						CreatedOnToolsVersion = 11.0;
					};
				};
			};
			buildConfigurationList = 63B27C0B233A853F006D5B03 /* Build configuration list for PBXProject "GoodGame" */;
			compatibilityVersion = "Xcode 9.3";
			developmentRegion = en;
			hasScannedForEncodings = 0;
			knownRegions = (
				en,
				Base,
			);
			mainGroup = 63B27C07233A853F006D5B03;
			productRefGroup = 63B27C11233A853F006D5B03 /* Products */;
			projectDirPath = "";
			projectRoot = "";
			targets = (
				63B27C0F233A853F006D5B03 /* GoodGame */,
			);
		};
/* End PBXProject section */

/* Begin PBXResourcesBuildPhase section */
		63B27C0E233A853F006D5B03 /* Resources */ = {
			isa = PBXResourcesBuildPhase;
			buildActionMask = 2147483647;
			files = (
				6375CC32236F79120040F736 /* SectionHeader.xib in Resources */,
				637D443A2363FD8300899455 /* CheckableTableViewCell.xib in Resources */,
				6313FB9523552CFB00BC2FE5 /* SavedGameCollectionViewCell.xib in Resources */,
				63B27C20233A8543006D5B03 /* LaunchScreen.storyboard in Resources */,
				63B27C1D233A8543006D5B03 /* Assets.xcassets in Resources */,
				63341A5E235CF2A8006FD1D3 /* SquareImageCollectionViewCell.xib in Resources */,
				6375CC27236CF45C0040F736 /* LongTextTableViewCell.xib in Resources */,
				63B27C1B233A853F006D5B03 /* Main.storyboard in Resources */,
			);
			runOnlyForDeploymentPostprocessing = 0;
		};
/* End PBXResourcesBuildPhase section */

/* Begin PBXShellScriptBuildPhase section */
		334381B77F99472908953009 /* [CP] Check Pods Manifest.lock */ = {
			isa = PBXShellScriptBuildPhase;
			buildActionMask = 2147483647;
			files = (
			);
			inputFileListPaths = (
			);
			inputPaths = (
				"${PODS_PODFILE_DIR_PATH}/Podfile.lock",
				"${PODS_ROOT}/Manifest.lock",
			);
			name = "[CP] Check Pods Manifest.lock";
			outputFileListPaths = (
			);
			outputPaths = (
				"$(DERIVED_FILE_DIR)/Pods-GoodGame-checkManifestLockResult.txt",
			);
			runOnlyForDeploymentPostprocessing = 0;
			shellPath = /bin/sh;
			shellScript = "diff \"${PODS_PODFILE_DIR_PATH}/Podfile.lock\" \"${PODS_ROOT}/Manifest.lock\" > /dev/null\nif [ $? != 0 ] ; then\n    # print error to STDERR\n    echo \"error: The sandbox is not in sync with the Podfile.lock. Run 'pod install' or update your CocoaPods installation.\" >&2\n    exit 1\nfi\n# This output is used by Xcode 'outputs' to avoid re-running this script phase.\necho \"SUCCESS\" > \"${SCRIPT_OUTPUT_FILE_0}\"\n";
			showEnvVarsInLog = 0;
		};
		7094378CBB6A487FB84F1081 /* [CP] Embed Pods Frameworks */ = {
			isa = PBXShellScriptBuildPhase;
			buildActionMask = 2147483647;
			files = (
			);
			inputFileListPaths = (
			);
			inputPaths = (
				"${SRCROOT}/Pods/Target Support Files/Pods-GoodGame/Pods-GoodGame-frameworks.sh",
				"${BUILT_PRODUCTS_DIR}/TagList/TagList.framework",
				"${BUILT_PRODUCTS_DIR}/WSTagsField/WSTagsField.framework",
			);
			name = "[CP] Embed Pods Frameworks";
			outputFileListPaths = (
			);
			outputPaths = (
				"${TARGET_BUILD_DIR}/${FRAMEWORKS_FOLDER_PATH}/TagList.framework",
				"${TARGET_BUILD_DIR}/${FRAMEWORKS_FOLDER_PATH}/WSTagsField.framework",
			);
			runOnlyForDeploymentPostprocessing = 0;
			shellPath = /bin/sh;
			shellScript = "\"${SRCROOT}/Pods/Target Support Files/Pods-GoodGame/Pods-GoodGame-frameworks.sh\"\n";
			showEnvVarsInLog = 0;
		};
/* End PBXShellScriptBuildPhase section */

/* Begin PBXSourcesBuildPhase section */
		63B27C0C233A853F006D5B03 /* Sources */ = {
			isa = PBXSourcesBuildPhase;
			buildActionMask = 2147483647;
			files = (
				63341A5D235CF2A8006FD1D3 /* SquareImageCollectionViewCell.swift in Sources */,
				6313FB7B2354E36E00BC2FE5 /* GoodGame.xcdatamodeld in Sources */,
				6375CC26236CF45C0040F736 /* LongTextTableViewCell.swift in Sources */,
				6313FB812354E70F00BC2FE5 /* GameGenre+convenience.swift in Sources */,
				6331755F2363977300AD81AA /* PlaythroughController.swift in Sources */,
				6313FB7D2354E6E700BC2FE5 /* SavedGame+Convenience.swift in Sources */,
				63B27C2E233A8B4E006D5B03 /* NetworkController.swift in Sources */,
				6331755B23638A0B00AD81AA /* UIColor.swift in Sources */,
				6313FB9423552CFB00BC2FE5 /* SavedGameCollectionViewCell.swift in Sources */,
				636ABDE523601B0F00312BE0 /* ViewHelper.swift in Sources */,
				63B27C32233A97A5006D5B03 /* Game.swift in Sources */,
				6313FB7F2354E6FC00BC2FE5 /* GamePlatform+convenience.swift in Sources */,
				63B27C18233A853F006D5B03 /* GameSearchViewController.swift in Sources */,
				633175572363781C00AD81AA /* SlideInPresentationManager.swift in Sources */,
				636ABDE3235E30EF00312BE0 /* Array.swift in Sources */,
				637D44392363FD8300899455 /* CheckableTableViewCell.swift in Sources */,
				6313FB8B2354EDD400BC2FE5 /* GameGenreController.swift in Sources */,
				63341A52235CE1BD006FD1D3 /* ReccomendsViewController.swift in Sources */,
				63B27C14233A853F006D5B03 /* AppDelegate.swift in Sources */,
				63B27C16233A853F006D5B03 /* SceneDelegate.swift in Sources */,
				6313FB892354EDC000BC2FE5 /* GamePlatformController.swift in Sources */,
				6313FB872354ED7000BC2FE5 /* SavedGameController.swift in Sources */,
				63C0D9352342C303006DD2FA /* WSTagsFieldHelper.swift in Sources */,
				63341A58235CE3F7006FD1D3 /* PlayStatusViewController.swift in Sources */,
				6313FB852354E9AF00BC2FE5 /* CoreDataStack.swift in Sources */,
				6313FB832354E72200BC2FE5 /* PlayMode+convenience.swift in Sources */,
				6375CC31236F79120040F736 /* SectionHeader.swift in Sources */,
				63B27C30233A9728006D5B03 /* Keys.swift in Sources */,
				6331755D2363967A00AD81AA /* PlaythroughHistory+convenience.swift in Sources */,
				63341A4F23590D08006FD1D3 /* GameDetailViewController.swift in Sources */,
				63341A54235CE29F006FD1D3 /* ReccomendsDetailViewController.swift in Sources */,
				637D443C236646BC00899455 /* PlaythroughHistoryListTableViewController.swift in Sources */,
				6375CC29236CF80D0040F736 /* Date.swift in Sources */,
				63341A56235CE351006FD1D3 /* ReccomendsFilterViewController.swift in Sources */,
				6331755923637DB400AD81AA /* SlideInPresentationController.swift in Sources */,
				6313FB8F23552C2800BC2FE5 /* GameLibraryCollectionViewController.swift in Sources */,
				6313FB8D2354EDE100BC2FE5 /* PlayModeController.swift in Sources */,
				63B27C34233B3710006D5B03 /* GameController.swift in Sources */,
			);
			runOnlyForDeploymentPostprocessing = 0;
		};
/* End PBXSourcesBuildPhase section */

/* Begin PBXVariantGroup section */
		63B27C19233A853F006D5B03 /* Main.storyboard */ = {
			isa = PBXVariantGroup;
			children = (
				63B27C1A233A853F006D5B03 /* Base */,
			);
			name = Main.storyboard;
			sourceTree = "<group>";
		};
		63B27C1E233A8543006D5B03 /* LaunchScreen.storyboard */ = {
			isa = PBXVariantGroup;
			children = (
				63B27C1F233A8543006D5B03 /* Base */,
			);
			name = LaunchScreen.storyboard;
			sourceTree = "<group>";
		};
/* End PBXVariantGroup section */

/* Begin XCBuildConfiguration section */
		63B27C22233A8543006D5B03 /* Debug */ = {
			isa = XCBuildConfiguration;
			buildSettings = {
				ALWAYS_SEARCH_USER_PATHS = NO;
				CLANG_ANALYZER_NONNULL = YES;
				CLANG_ANALYZER_NUMBER_OBJECT_CONVERSION = YES_AGGRESSIVE;
				CLANG_CXX_LANGUAGE_STANDARD = "gnu++14";
				CLANG_CXX_LIBRARY = "libc++";
				CLANG_ENABLE_MODULES = YES;
				CLANG_ENABLE_OBJC_ARC = YES;
				CLANG_ENABLE_OBJC_WEAK = YES;
				CLANG_WARN_BLOCK_CAPTURE_AUTORELEASING = YES;
				CLANG_WARN_BOOL_CONVERSION = YES;
				CLANG_WARN_COMMA = YES;
				CLANG_WARN_CONSTANT_CONVERSION = YES;
				CLANG_WARN_DEPRECATED_OBJC_IMPLEMENTATIONS = YES;
				CLANG_WARN_DIRECT_OBJC_ISA_USAGE = YES_ERROR;
				CLANG_WARN_DOCUMENTATION_COMMENTS = YES;
				CLANG_WARN_EMPTY_BODY = YES;
				CLANG_WARN_ENUM_CONVERSION = YES;
				CLANG_WARN_INFINITE_RECURSION = YES;
				CLANG_WARN_INT_CONVERSION = YES;
				CLANG_WARN_NON_LITERAL_NULL_CONVERSION = YES;
				CLANG_WARN_OBJC_IMPLICIT_RETAIN_SELF = YES;
				CLANG_WARN_OBJC_LITERAL_CONVERSION = YES;
				CLANG_WARN_OBJC_ROOT_CLASS = YES_ERROR;
				CLANG_WARN_RANGE_LOOP_ANALYSIS = YES;
				CLANG_WARN_STRICT_PROTOTYPES = YES;
				CLANG_WARN_SUSPICIOUS_MOVE = YES;
				CLANG_WARN_UNGUARDED_AVAILABILITY = YES_AGGRESSIVE;
				CLANG_WARN_UNREACHABLE_CODE = YES;
				CLANG_WARN__DUPLICATE_METHOD_MATCH = YES;
				COPY_PHASE_STRIP = NO;
				DEBUG_INFORMATION_FORMAT = dwarf;
				ENABLE_STRICT_OBJC_MSGSEND = YES;
				ENABLE_TESTABILITY = YES;
				GCC_C_LANGUAGE_STANDARD = gnu11;
				GCC_DYNAMIC_NO_PIC = NO;
				GCC_NO_COMMON_BLOCKS = YES;
				GCC_OPTIMIZATION_LEVEL = 0;
				GCC_PREPROCESSOR_DEFINITIONS = (
					"DEBUG=1",
					"$(inherited)",
				);
				GCC_WARN_64_TO_32_BIT_CONVERSION = YES;
				GCC_WARN_ABOUT_RETURN_TYPE = YES_ERROR;
				GCC_WARN_UNDECLARED_SELECTOR = YES;
				GCC_WARN_UNINITIALIZED_AUTOS = YES_AGGRESSIVE;
				GCC_WARN_UNUSED_FUNCTION = YES;
				GCC_WARN_UNUSED_VARIABLE = YES;
				IPHONEOS_DEPLOYMENT_TARGET = 13.0;
				MTL_ENABLE_DEBUG_INFO = INCLUDE_SOURCE;
				MTL_FAST_MATH = YES;
				ONLY_ACTIVE_ARCH = YES;
				SDKROOT = iphoneos;
				SWIFT_ACTIVE_COMPILATION_CONDITIONS = DEBUG;
				SWIFT_OPTIMIZATION_LEVEL = "-Onone";
			};
			name = Debug;
		};
		63B27C23233A8543006D5B03 /* Release */ = {
			isa = XCBuildConfiguration;
			buildSettings = {
				ALWAYS_SEARCH_USER_PATHS = NO;
				CLANG_ANALYZER_NONNULL = YES;
				CLANG_ANALYZER_NUMBER_OBJECT_CONVERSION = YES_AGGRESSIVE;
				CLANG_CXX_LANGUAGE_STANDARD = "gnu++14";
				CLANG_CXX_LIBRARY = "libc++";
				CLANG_ENABLE_MODULES = YES;
				CLANG_ENABLE_OBJC_ARC = YES;
				CLANG_ENABLE_OBJC_WEAK = YES;
				CLANG_WARN_BLOCK_CAPTURE_AUTORELEASING = YES;
				CLANG_WARN_BOOL_CONVERSION = YES;
				CLANG_WARN_COMMA = YES;
				CLANG_WARN_CONSTANT_CONVERSION = YES;
				CLANG_WARN_DEPRECATED_OBJC_IMPLEMENTATIONS = YES;
				CLANG_WARN_DIRECT_OBJC_ISA_USAGE = YES_ERROR;
				CLANG_WARN_DOCUMENTATION_COMMENTS = YES;
				CLANG_WARN_EMPTY_BODY = YES;
				CLANG_WARN_ENUM_CONVERSION = YES;
				CLANG_WARN_INFINITE_RECURSION = YES;
				CLANG_WARN_INT_CONVERSION = YES;
				CLANG_WARN_NON_LITERAL_NULL_CONVERSION = YES;
				CLANG_WARN_OBJC_IMPLICIT_RETAIN_SELF = YES;
				CLANG_WARN_OBJC_LITERAL_CONVERSION = YES;
				CLANG_WARN_OBJC_ROOT_CLASS = YES_ERROR;
				CLANG_WARN_RANGE_LOOP_ANALYSIS = YES;
				CLANG_WARN_STRICT_PROTOTYPES = YES;
				CLANG_WARN_SUSPICIOUS_MOVE = YES;
				CLANG_WARN_UNGUARDED_AVAILABILITY = YES_AGGRESSIVE;
				CLANG_WARN_UNREACHABLE_CODE = YES;
				CLANG_WARN__DUPLICATE_METHOD_MATCH = YES;
				COPY_PHASE_STRIP = NO;
				DEBUG_INFORMATION_FORMAT = "dwarf-with-dsym";
				ENABLE_NS_ASSERTIONS = NO;
				ENABLE_STRICT_OBJC_MSGSEND = YES;
				GCC_C_LANGUAGE_STANDARD = gnu11;
				GCC_NO_COMMON_BLOCKS = YES;
				GCC_WARN_64_TO_32_BIT_CONVERSION = YES;
				GCC_WARN_ABOUT_RETURN_TYPE = YES_ERROR;
				GCC_WARN_UNDECLARED_SELECTOR = YES;
				GCC_WARN_UNINITIALIZED_AUTOS = YES_AGGRESSIVE;
				GCC_WARN_UNUSED_FUNCTION = YES;
				GCC_WARN_UNUSED_VARIABLE = YES;
				IPHONEOS_DEPLOYMENT_TARGET = 13.0;
				MTL_ENABLE_DEBUG_INFO = NO;
				MTL_FAST_MATH = YES;
				SDKROOT = iphoneos;
				SWIFT_COMPILATION_MODE = wholemodule;
				SWIFT_OPTIMIZATION_LEVEL = "-O";
				VALIDATE_PRODUCT = YES;
			};
			name = Release;
		};
		63B27C25233A8543006D5B03 /* Debug */ = {
			isa = XCBuildConfiguration;
			baseConfigurationReference = 55FC50D3EB961DD77F1523F8 /* Pods-GoodGame.debug.xcconfig */;
			buildSettings = {
				ASSETCATALOG_COMPILER_APPICON_NAME = AppIcon;
				CODE_SIGN_STYLE = Automatic;
				DEVELOPMENT_TEAM = T45AFREN35;
				INFOPLIST_FILE = GoodGame/Info.plist;
				LD_RUNPATH_SEARCH_PATHS = (
					"$(inherited)",
					"@executable_path/Frameworks",
				);
				PRODUCT_BUNDLE_IDENTIFIER = "David-Sadler.GoodGame";
				PRODUCT_NAME = "$(TARGET_NAME)";
				SWIFT_VERSION = 5.0;
				TARGETED_DEVICE_FAMILY = "1,2";
			};
			name = Debug;
		};
		63B27C26233A8543006D5B03 /* Release */ = {
			isa = XCBuildConfiguration;
			baseConfigurationReference = DE8E9DE83B7ED993918AC9A3 /* Pods-GoodGame.release.xcconfig */;
			buildSettings = {
				ASSETCATALOG_COMPILER_APPICON_NAME = AppIcon;
				CODE_SIGN_STYLE = Automatic;
				DEVELOPMENT_TEAM = T45AFREN35;
				INFOPLIST_FILE = GoodGame/Info.plist;
				LD_RUNPATH_SEARCH_PATHS = (
					"$(inherited)",
					"@executable_path/Frameworks",
				);
				PRODUCT_BUNDLE_IDENTIFIER = "David-Sadler.GoodGame";
				PRODUCT_NAME = "$(TARGET_NAME)";
				SWIFT_VERSION = 5.0;
				TARGETED_DEVICE_FAMILY = "1,2";
			};
			name = Release;
		};
/* End XCBuildConfiguration section */

/* Begin XCConfigurationList section */
		63B27C0B233A853F006D5B03 /* Build configuration list for PBXProject "GoodGame" */ = {
			isa = XCConfigurationList;
			buildConfigurations = (
				63B27C22233A8543006D5B03 /* Debug */,
				63B27C23233A8543006D5B03 /* Release */,
			);
			defaultConfigurationIsVisible = 0;
			defaultConfigurationName = Release;
		};
		63B27C24233A8543006D5B03 /* Build configuration list for PBXNativeTarget "GoodGame" */ = {
			isa = XCConfigurationList;
			buildConfigurations = (
				63B27C25233A8543006D5B03 /* Debug */,
				63B27C26233A8543006D5B03 /* Release */,
			);
			defaultConfigurationIsVisible = 0;
			defaultConfigurationName = Release;
		};
/* End XCConfigurationList section */

/* Begin XCVersionGroup section */
		6313FB792354E36E00BC2FE5 /* GoodGame.xcdatamodeld */ = {
			isa = XCVersionGroup;
			children = (
				6313FB7A2354E36E00BC2FE5 /* GoodGame.xcdatamodel */,
			);
			currentVersion = 6313FB7A2354E36E00BC2FE5 /* GoodGame.xcdatamodel */;
			path = GoodGame.xcdatamodeld;
			sourceTree = "<group>";
			versionGroupType = wrapper.xcdatamodel;
		};
/* End XCVersionGroup section */
	};
	rootObject = 63B27C08233A853F006D5B03 /* Project object */;
}
