// !$*UTF8*$!
{
	archiveVersion = 1;
	classes = {
	};
	objectVersion = 50;
	objects = {

/* Begin PBXBuildFile section */
		63B27C14233A853F006D5B03 /* AppDelegate.swift in Sources */ = {isa = PBXBuildFile; fileRef = 63B27C13233A853F006D5B03 /* AppDelegate.swift */; };
		63B27C16233A853F006D5B03 /* SceneDelegate.swift in Sources */ = {isa = PBXBuildFile; fileRef = 63B27C15233A853F006D5B03 /* SceneDelegate.swift */; };
		63B27C18233A853F006D5B03 /* GameSearchViewController.swift in Sources */ = {isa = PBXBuildFile; fileRef = 63B27C17233A853F006D5B03 /* GameSearchViewController.swift */; };
		63B27C1B233A853F006D5B03 /* Main.storyboard in Resources */ = {isa = PBXBuildFile; fileRef = 63B27C19233A853F006D5B03 /* Main.storyboard */; };
		63B27C1D233A8543006D5B03 /* Assets.xcassets in Resources */ = {isa = PBXBuildFile; fileRef = 63B27C1C233A8543006D5B03 /* Assets.xcassets */; };
		63B27C20233A8543006D5B03 /* LaunchScreen.storyboard in Resources */ = {isa = PBXBuildFile; fileRef = 63B27C1E233A8543006D5B03 /* LaunchScreen.storyboard */; };
		63B27C2E233A8B4E006D5B03 /* NetworkController.swift in Sources */ = {isa = PBXBuildFile; fileRef = 63B27C2D233A8B4E006D5B03 /* NetworkController.swift */; };
		63B27C30233A9728006D5B03 /* Keys.swift in Sources */ = {isa = PBXBuildFile; fileRef = 63B27C2F233A9728006D5B03 /* Keys.swift */; };
		63B27C32233A97A5006D5B03 /* Game.swift in Sources */ = {isa = PBXBuildFile; fileRef = 63B27C31233A97A5006D5B03 /* Game.swift */; };
		63B27C34233B3710006D5B03 /* GameController.swift in Sources */ = {isa = PBXBuildFile; fileRef = 63B27C33233B3710006D5B03 /* GameController.swift */; };
		63B27C36233DA3FD006D5B03 /* GameDetailViewController.swift in Sources */ = {isa = PBXBuildFile; fileRef = 63B27C35233DA3FD006D5B03 /* GameDetailViewController.swift */; };
/* End PBXBuildFile section */

/* Begin PBXFileReference section */
		63B27C10233A853F006D5B03 /* GoodGame.app */ = {isa = PBXFileReference; explicitFileType = wrapper.application; includeInIndex = 0; path = GoodGame.app; sourceTree = BUILT_PRODUCTS_DIR; };
		63B27C13233A853F006D5B03 /* AppDelegate.swift */ = {isa = PBXFileReference; lastKnownFileType = sourcecode.swift; path = AppDelegate.swift; sourceTree = "<group>"; };
		63B27C15233A853F006D5B03 /* SceneDelegate.swift */ = {isa = PBXFileReference; lastKnownFileType = sourcecode.swift; path = SceneDelegate.swift; sourceTree = "<group>"; };
		63B27C17233A853F006D5B03 /* GameSearchViewController.swift */ = {isa = PBXFileReference; lastKnownFileType = sourcecode.swift; path = GameSearchViewController.swift; sourceTree = "<group>"; };
		63B27C1A233A853F006D5B03 /* Base */ = {isa = PBXFileReference; lastKnownFileType = file.storyboard; name = Base; path = Base.lproj/Main.storyboard; sourceTree = "<group>"; };
		63B27C1C233A8543006D5B03 /* Assets.xcassets */ = {isa = PBXFileReference; lastKnownFileType = folder.assetcatalog; path = Assets.xcassets; sourceTree = "<group>"; };
		63B27C1F233A8543006D5B03 /* Base */ = {isa = PBXFileReference; lastKnownFileType = file.storyboard; name = Base; path = Base.lproj/LaunchScreen.storyboard; sourceTree = "<group>"; };
		63B27C21233A8543006D5B03 /* Info.plist */ = {isa = PBXFileReference; lastKnownFileType = text.plist.xml; path = Info.plist; sourceTree = "<group>"; };
		63B27C2D233A8B4E006D5B03 /* NetworkController.swift */ = {isa = PBXFileReference; lastKnownFileType = sourcecode.swift; path = NetworkController.swift; sourceTree = "<group>"; };
		63B27C2F233A9728006D5B03 /* Keys.swift */ = {isa = PBXFileReference; lastKnownFileType = sourcecode.swift; path = Keys.swift; sourceTree = "<group>"; };
		63B27C31233A97A5006D5B03 /* Game.swift */ = {isa = PBXFileReference; lastKnownFileType = sourcecode.swift; path = Game.swift; sourceTree = "<group>"; };
		63B27C33233B3710006D5B03 /* GameController.swift */ = {isa = PBXFileReference; lastKnownFileType = sourcecode.swift; path = GameController.swift; sourceTree = "<group>"; };
		63B27C35233DA3FD006D5B03 /* GameDetailViewController.swift */ = {isa = PBXFileReference; lastKnownFileType = sourcecode.swift; path = GameDetailViewController.swift; sourceTree = "<group>"; };
/* End PBXFileReference section */

/* Begin PBXFrameworksBuildPhase section */
		63B27C0D233A853F006D5B03 /* Frameworks */ = {
			isa = PBXFrameworksBuildPhase;
			buildActionMask = 2147483647;
			files = (
			);
			runOnlyForDeploymentPostprocessing = 0;
		};
/* End PBXFrameworksBuildPhase section */

/* Begin PBXGroup section */
		63B27C07233A853F006D5B03 = {
			isa = PBXGroup;
			children = (
				63B27C12233A853F006D5B03 /* GoodGame */,
				63B27C11233A853F006D5B03 /* Products */,
			);
			sourceTree = "<group>";
		};
		63B27C11233A853F006D5B03 /* Products */ = {
			isa = PBXGroup;
			children = (
				63B27C10233A853F006D5B03 /* GoodGame.app */,
			);
			name = Products;
			sourceTree = "<group>";
		};
		63B27C12233A853F006D5B03 /* GoodGame */ = {
			isa = PBXGroup;
			children = (
				63B27C13233A853F006D5B03 /* AppDelegate.swift */,
				63B27C15233A853F006D5B03 /* SceneDelegate.swift */,
				63B27C2C233A898C006D5B03 /* Resources */,
				63B27C2B233A88FE006D5B03 /* Helper Files */,
				63B27C2A233A88EF006D5B03 /* View Controllers */,
				63B27C29233A88E7006D5B03 /* Views */,
				63B27C28233A88D7006D5B03 /* Model Controllers */,
				63B27C27233A88CC006D5B03 /* Models */,
				63B27C21233A8543006D5B03 /* Info.plist */,
			);
			path = GoodGame;
			sourceTree = "<group>";
		};
		63B27C27233A88CC006D5B03 /* Models */ = {
			isa = PBXGroup;
			children = (
				63B27C31233A97A5006D5B03 /* Game.swift */,
			);
			path = Models;
			sourceTree = "<group>";
		};
		63B27C28233A88D7006D5B03 /* Model Controllers */ = {
			isa = PBXGroup;
			children = (
				63B27C2D233A8B4E006D5B03 /* NetworkController.swift */,
				63B27C33233B3710006D5B03 /* GameController.swift */,
			);
			path = "Model Controllers";
			sourceTree = "<group>";
		};
		63B27C29233A88E7006D5B03 /* Views */ = {
			isa = PBXGroup;
			children = (
				63B27C19233A853F006D5B03 /* Main.storyboard */,
				63B27C1E233A8543006D5B03 /* LaunchScreen.storyboard */,
			);
			path = Views;
			sourceTree = "<group>";
		};
		63B27C2A233A88EF006D5B03 /* View Controllers */ = {
			isa = PBXGroup;
			children = (
				63B27C17233A853F006D5B03 /* GameSearchViewController.swift */,
				63B27C35233DA3FD006D5B03 /* GameDetailViewController.swift */,
			);
			path = "View Controllers";
			sourceTree = "<group>";
		};
		63B27C2B233A88FE006D5B03 /* Helper Files */ = {
			isa = PBXGroup;
			children = (
				63B27C2F233A9728006D5B03 /* Keys.swift */,
			);
			path = "Helper Files";
			sourceTree = "<group>";
		};
		63B27C2C233A898C006D5B03 /* Resources */ = {
			isa = PBXGroup;
			children = (
				63B27C1C233A8543006D5B03 /* Assets.xcassets */,
			);
			path = Resources;
			sourceTree = "<group>";
		};
/* End PBXGroup section */

/* Begin PBXNativeTarget section */
		63B27C0F233A853F006D5B03 /* GoodGame */ = {
			isa = PBXNativeTarget;
			buildConfigurationList = 63B27C24233A8543006D5B03 /* Build configuration list for PBXNativeTarget "GoodGame" */;
			buildPhases = (
				63B27C0C233A853F006D5B03 /* Sources */,
				63B27C0D233A853F006D5B03 /* Frameworks */,
				63B27C0E233A853F006D5B03 /* Resources */,
			);
			buildRules = (
			);
			dependencies = (
			);
			name = GoodGame;
			productName = GoodGame;
			productReference = 63B27C10233A853F006D5B03 /* GoodGame.app */;
			productType = "com.apple.product-type.application";
		};
/* End PBXNativeTarget section */

/* Begin PBXProject section */
		63B27C08233A853F006D5B03 /* Project object */ = {
			isa = PBXProject;
			attributes = {
				LastSwiftUpdateCheck = 1100;
				LastUpgradeCheck = 1100;
				ORGANIZATIONNAME = "David Sadler";
				TargetAttributes = {
					63B27C0F233A853F006D5B03 = {
						CreatedOnToolsVersion = 11.0;
					};
				};
			};
			buildConfigurationList = 63B27C0B233A853F006D5B03 /* Build configuration list for PBXProject "GoodGame" */;
			compatibilityVersion = "Xcode 9.3";
			developmentRegion = en;
			hasScannedForEncodings = 0;
			knownRegions = (
				en,
				Base,
			);
			mainGroup = 63B27C07233A853F006D5B03;
			productRefGroup = 63B27C11233A853F006D5B03 /* Products */;
			projectDirPath = "";
			projectRoot = "";
			targets = (
				63B27C0F233A853F006D5B03 /* GoodGame */,
			);
		};
/* End PBXProject section */

/* Begin PBXResourcesBuildPhase section */
		63B27C0E233A853F006D5B03 /* Resources */ = {
			isa = PBXResourcesBuildPhase;
			buildActionMask = 2147483647;
			files = (
				63B27C20233A8543006D5B03 /* LaunchScreen.storyboard in Resources */,
				63B27C1D233A8543006D5B03 /* Assets.xcassets in Resources */,
				63B27C1B233A853F006D5B03 /* Main.storyboard in Resources */,
			);
			runOnlyForDeploymentPostprocessing = 0;
		};
/* End PBXResourcesBuildPhase section */

/* Begin PBXSourcesBuildPhase section */
		63B27C0C233A853F006D5B03 /* Sources */ = {
			isa = PBXSourcesBuildPhase;
			buildActionMask = 2147483647;
			files = (
				63B27C2E233A8B4E006D5B03 /* NetworkController.swift in Sources */,
				63B27C32233A97A5006D5B03 /* Game.swift in Sources */,
				63B27C18233A853F006D5B03 /* GameSearchViewController.swift in Sources */,
				63B27C14233A853F006D5B03 /* AppDelegate.swift in Sources */,
				63B27C16233A853F006D5B03 /* SceneDelegate.swift in Sources */,
				63B27C36233DA3FD006D5B03 /* GameDetailViewController.swift in Sources */,
				63B27C30233A9728006D5B03 /* Keys.swift in Sources */,
				63B27C34233B3710006D5B03 /* GameController.swift in Sources */,
			);
			runOnlyForDeploymentPostprocessing = 0;
		};
/* End PBXSourcesBuildPhase section */

/* Begin PBXVariantGroup section */
		63B27C19233A853F006D5B03 /* Main.storyboard */ = {
			isa = PBXVariantGroup;
			children = (
				63B27C1A233A853F006D5B03 /* Base */,
			);
			name = Main.storyboard;
			sourceTree = "<group>";
		};
		63B27C1E233A8543006D5B03 /* LaunchScreen.storyboard */ = {
			isa = PBXVariantGroup;
			children = (
				63B27C1F233A8543006D5B03 /* Base */,
			);
			name = LaunchScreen.storyboard;
			sourceTree = "<group>";
		};
/* End PBXVariantGroup section */

/* Begin XCBuildConfiguration section */
		63B27C22233A8543006D5B03 /* Debug */ = {
			isa = XCBuildConfiguration;
			buildSettings = {
				ALWAYS_SEARCH_USER_PATHS = NO;
				CLANG_ANALYZER_NONNULL = YES;
				CLANG_ANALYZER_NUMBER_OBJECT_CONVERSION = YES_AGGRESSIVE;
				CLANG_CXX_LANGUAGE_STANDARD = "gnu++14";
				CLANG_CXX_LIBRARY = "libc++";
				CLANG_ENABLE_MODULES = YES;
				CLANG_ENABLE_OBJC_ARC = YES;
				CLANG_ENABLE_OBJC_WEAK = YES;
				CLANG_WARN_BLOCK_CAPTURE_AUTORELEASING = YES;
				CLANG_WARN_BOOL_CONVERSION = YES;
				CLANG_WARN_COMMA = YES;
				CLANG_WARN_CONSTANT_CONVERSION = YES;
				CLANG_WARN_DEPRECATED_OBJC_IMPLEMENTATIONS = YES;
				CLANG_WARN_DIRECT_OBJC_ISA_USAGE = YES_ERROR;
				CLANG_WARN_DOCUMENTATION_COMMENTS = YES;
				CLANG_WARN_EMPTY_BODY = YES;
				CLANG_WARN_ENUM_CONVERSION = YES;
				CLANG_WARN_INFINITE_RECURSION = YES;
				CLANG_WARN_INT_CONVERSION = YES;
				CLANG_WARN_NON_LITERAL_NULL_CONVERSION = YES;
				CLANG_WARN_OBJC_IMPLICIT_RETAIN_SELF = YES;
				CLANG_WARN_OBJC_LITERAL_CONVERSION = YES;
				CLANG_WARN_OBJC_ROOT_CLASS = YES_ERROR;
				CLANG_WARN_RANGE_LOOP_ANALYSIS = YES;
				CLANG_WARN_STRICT_PROTOTYPES = YES;
				CLANG_WARN_SUSPICIOUS_MOVE = YES;
				CLANG_WARN_UNGUARDED_AVAILABILITY = YES_AGGRESSIVE;
				CLANG_WARN_UNREACHABLE_CODE = YES;
				CLANG_WARN__DUPLICATE_METHOD_MATCH = YES;
				COPY_PHASE_STRIP = NO;
				DEBUG_INFORMATION_FORMAT = dwarf;
				ENABLE_STRICT_OBJC_MSGSEND = YES;
				ENABLE_TESTABILITY = YES;
				GCC_C_LANGUAGE_STANDARD = gnu11;
				GCC_DYNAMIC_NO_PIC = NO;
				GCC_NO_COMMON_BLOCKS = YES;
				GCC_OPTIMIZATION_LEVEL = 0;
				GCC_PREPROCESSOR_DEFINITIONS = (
					"DEBUG=1",
					"$(inherited)",
				);
				GCC_WARN_64_TO_32_BIT_CONVERSION = YES;
				GCC_WARN_ABOUT_RETURN_TYPE = YES_ERROR;
				GCC_WARN_UNDECLARED_SELECTOR = YES;
				GCC_WARN_UNINITIALIZED_AUTOS = YES_AGGRESSIVE;
				GCC_WARN_UNUSED_FUNCTION = YES;
				GCC_WARN_UNUSED_VARIABLE = YES;
				IPHONEOS_DEPLOYMENT_TARGET = 13.0;
				MTL_ENABLE_DEBUG_INFO = INCLUDE_SOURCE;
				MTL_FAST_MATH = YES;
				ONLY_ACTIVE_ARCH = YES;
				SDKROOT = iphoneos;
				SWIFT_ACTIVE_COMPILATION_CONDITIONS = DEBUG;
				SWIFT_OPTIMIZATION_LEVEL = "-Onone";
			};
			name = Debug;
		};
		63B27C23233A8543006D5B03 /* Release */ = {
			isa = XCBuildConfiguration;
			buildSettings = {
				ALWAYS_SEARCH_USER_PATHS = NO;
				CLANG_ANALYZER_NONNULL = YES;
				CLANG_ANALYZER_NUMBER_OBJECT_CONVERSION = YES_AGGRESSIVE;
				CLANG_CXX_LANGUAGE_STANDARD = "gnu++14";
				CLANG_CXX_LIBRARY = "libc++";
				CLANG_ENABLE_MODULES = YES;
				CLANG_ENABLE_OBJC_ARC = YES;
				CLANG_ENABLE_OBJC_WEAK = YES;
				CLANG_WARN_BLOCK_CAPTURE_AUTORELEASING = YES;
				CLANG_WARN_BOOL_CONVERSION = YES;
				CLANG_WARN_COMMA = YES;
				CLANG_WARN_CONSTANT_CONVERSION = YES;
				CLANG_WARN_DEPRECATED_OBJC_IMPLEMENTATIONS = YES;
				CLANG_WARN_DIRECT_OBJC_ISA_USAGE = YES_ERROR;
				CLANG_WARN_DOCUMENTATION_COMMENTS = YES;
				CLANG_WARN_EMPTY_BODY = YES;
				CLANG_WARN_ENUM_CONVERSION = YES;
				CLANG_WARN_INFINITE_RECURSION = YES;
				CLANG_WARN_INT_CONVERSION = YES;
				CLANG_WARN_NON_LITERAL_NULL_CONVERSION = YES;
				CLANG_WARN_OBJC_IMPLICIT_RETAIN_SELF = YES;
				CLANG_WARN_OBJC_LITERAL_CONVERSION = YES;
				CLANG_WARN_OBJC_ROOT_CLASS = YES_ERROR;
				CLANG_WARN_RANGE_LOOP_ANALYSIS = YES;
				CLANG_WARN_STRICT_PROTOTYPES = YES;
				CLANG_WARN_SUSPICIOUS_MOVE = YES;
				CLANG_WARN_UNGUARDED_AVAILABILITY = YES_AGGRESSIVE;
				CLANG_WARN_UNREACHABLE_CODE = YES;
				CLANG_WARN__DUPLICATE_METHOD_MATCH = YES;
				COPY_PHASE_STRIP = NO;
				DEBUG_INFORMATION_FORMAT = "dwarf-with-dsym";
				ENABLE_NS_ASSERTIONS = NO;
				ENABLE_STRICT_OBJC_MSGSEND = YES;
				GCC_C_LANGUAGE_STANDARD = gnu11;
				GCC_NO_COMMON_BLOCKS = YES;
				GCC_WARN_64_TO_32_BIT_CONVERSION = YES;
				GCC_WARN_ABOUT_RETURN_TYPE = YES_ERROR;
				GCC_WARN_UNDECLARED_SELECTOR = YES;
				GCC_WARN_UNINITIALIZED_AUTOS = YES_AGGRESSIVE;
				GCC_WARN_UNUSED_FUNCTION = YES;
				GCC_WARN_UNUSED_VARIABLE = YES;
				IPHONEOS_DEPLOYMENT_TARGET = 13.0;
				MTL_ENABLE_DEBUG_INFO = NO;
				MTL_FAST_MATH = YES;
				SDKROOT = iphoneos;
				SWIFT_COMPILATION_MODE = wholemodule;
				SWIFT_OPTIMIZATION_LEVEL = "-O";
				VALIDATE_PRODUCT = YES;
			};
			name = Release;
		};
		63B27C25233A8543006D5B03 /* Debug */ = {
			isa = XCBuildConfiguration;
			buildSettings = {
				ASSETCATALOG_COMPILER_APPICON_NAME = AppIcon;
				CODE_SIGN_STYLE = Automatic;
				DEVELOPMENT_TEAM = T45AFREN35;
				INFOPLIST_FILE = GoodGame/Info.plist;
				LD_RUNPATH_SEARCH_PATHS = (
					"$(inherited)",
					"@executable_path/Frameworks",
				);
				PRODUCT_BUNDLE_IDENTIFIER = "David-Sadler.GoodGame";
				PRODUCT_NAME = "$(TARGET_NAME)";
				SWIFT_VERSION = 5.0;
				TARGETED_DEVICE_FAMILY = "1,2";
			};
			name = Debug;
		};
		63B27C26233A8543006D5B03 /* Release */ = {
			isa = XCBuildConfiguration;
			buildSettings = {
				ASSETCATALOG_COMPILER_APPICON_NAME = AppIcon;
				CODE_SIGN_STYLE = Automatic;
				DEVELOPMENT_TEAM = T45AFREN35;
				INFOPLIST_FILE = GoodGame/Info.plist;
				LD_RUNPATH_SEARCH_PATHS = (
					"$(inherited)",
					"@executable_path/Frameworks",
				);
				PRODUCT_BUNDLE_IDENTIFIER = "David-Sadler.GoodGame";
				PRODUCT_NAME = "$(TARGET_NAME)";
				SWIFT_VERSION = 5.0;
				TARGETED_DEVICE_FAMILY = "1,2";
			};
			name = Release;
		};
/* End XCBuildConfiguration section */

/* Begin XCConfigurationList section */
		63B27C0B233A853F006D5B03 /* Build configuration list for PBXProject "GoodGame" */ = {
			isa = XCConfigurationList;
			buildConfigurations = (
				63B27C22233A8543006D5B03 /* Debug */,
				63B27C23233A8543006D5B03 /* Release */,
			);
			defaultConfigurationIsVisible = 0;
			defaultConfigurationName = Release;
		};
		63B27C24233A8543006D5B03 /* Build configuration list for PBXNativeTarget "GoodGame" */ = {
			isa = XCConfigurationList;
			buildConfigurations = (
				63B27C25233A8543006D5B03 /* Debug */,
				63B27C26233A8543006D5B03 /* Release */,
			);
			defaultConfigurationIsVisible = 0;
			defaultConfigurationName = Release;
		};
/* End XCConfigurationList section */
	};
	rootObject = 63B27C08233A853F006D5B03 /* Project object */;
}
